// !$*UTF8*$!
{
	archiveVersion = 1;
	classes = {
	};
	objectVersion = 56;
	objects = {

/* Begin PBXBuildFile section */
		DE392A3B2AE58A11009055D9 /* CheckoutAppApp.swift in Sources */ = {isa = PBXBuildFile; fileRef = DE392A3A2AE58A11009055D9 /* CheckoutAppApp.swift */; };
		DE392A3D2AE58A11009055D9 /* ContentView.swift in Sources */ = {isa = PBXBuildFile; fileRef = DE392A3C2AE58A11009055D9 /* ContentView.swift */; };
		DE392A3F2AE58A12009055D9 /* Assets.xcassets in Resources */ = {isa = PBXBuildFile; fileRef = DE392A3E2AE58A12009055D9 /* Assets.xcassets */; };
		DE392A422AE58A12009055D9 /* Preview Assets.xcassets in Resources */ = {isa = PBXBuildFile; fileRef = DE392A412AE58A12009055D9 /* Preview Assets.xcassets */; };
		DE392A4C2AE58A13009055D9 /* CheckoutAppTests.swift in Sources */ = {isa = PBXBuildFile; fileRef = DE392A4B2AE58A13009055D9 /* CheckoutAppTests.swift */; };
		DE392A562AE58A13009055D9 /* CheckoutAppUITests.swift in Sources */ = {isa = PBXBuildFile; fileRef = DE392A552AE58A13009055D9 /* CheckoutAppUITests.swift */; };
		DE392A582AE58A13009055D9 /* CheckoutAppUITestsLaunchTests.swift in Sources */ = {isa = PBXBuildFile; fileRef = DE392A572AE58A13009055D9 /* CheckoutAppUITestsLaunchTests.swift */; };
/* End PBXBuildFile section */

/* Begin PBXContainerItemProxy section */
		DE392A482AE58A13009055D9 /* PBXContainerItemProxy */ = {
			isa = PBXContainerItemProxy;
			containerPortal = DE392A2F2AE58A11009055D9 /* Project object */;
			proxyType = 1;
			remoteGlobalIDString = DE392A362AE58A11009055D9;
			remoteInfo = CheckoutApp;
		};
		DE392A522AE58A13009055D9 /* PBXContainerItemProxy */ = {
			isa = PBXContainerItemProxy;
			containerPortal = DE392A2F2AE58A11009055D9 /* Project object */;
			proxyType = 1;
			remoteGlobalIDString = DE392A362AE58A11009055D9;
			remoteInfo = CheckoutApp;
		};
/* End PBXContainerItemProxy section */

/* Begin PBXFileReference section */
		DE392A372AE58A11009055D9 /* CheckoutApp.app */ = {isa = PBXFileReference; explicitFileType = wrapper.application; includeInIndex = 0; path = CheckoutApp.app; sourceTree = BUILT_PRODUCTS_DIR; };
		DE392A3A2AE58A11009055D9 /* CheckoutAppApp.swift */ = {isa = PBXFileReference; lastKnownFileType = sourcecode.swift; path = CheckoutAppApp.swift; sourceTree = "<group>"; };
		DE392A3C2AE58A11009055D9 /* ContentView.swift */ = {isa = PBXFileReference; lastKnownFileType = sourcecode.swift; path = ContentView.swift; sourceTree = "<group>"; };
		DE392A3E2AE58A12009055D9 /* Assets.xcassets */ = {isa = PBXFileReference; lastKnownFileType = folder.assetcatalog; path = Assets.xcassets; sourceTree = "<group>"; };
		DE392A412AE58A12009055D9 /* Preview Assets.xcassets */ = {isa = PBXFileReference; lastKnownFileType = folder.assetcatalog; path = "Preview Assets.xcassets"; sourceTree = "<group>"; };
		DE392A472AE58A13009055D9 /* CheckoutAppTests.xctest */ = {isa = PBXFileReference; explicitFileType = wrapper.cfbundle; includeInIndex = 0; path = CheckoutAppTests.xctest; sourceTree = BUILT_PRODUCTS_DIR; };
		DE392A4B2AE58A13009055D9 /* CheckoutAppTests.swift */ = {isa = PBXFileReference; lastKnownFileType = sourcecode.swift; path = CheckoutAppTests.swift; sourceTree = "<group>"; };
		DE392A512AE58A13009055D9 /* CheckoutAppUITests.xctest */ = {isa = PBXFileReference; explicitFileType = wrapper.cfbundle; includeInIndex = 0; path = CheckoutAppUITests.xctest; sourceTree = BUILT_PRODUCTS_DIR; };
		DE392A552AE58A13009055D9 /* CheckoutAppUITests.swift */ = {isa = PBXFileReference; lastKnownFileType = sourcecode.swift; path = CheckoutAppUITests.swift; sourceTree = "<group>"; };
		DE392A572AE58A13009055D9 /* CheckoutAppUITestsLaunchTests.swift */ = {isa = PBXFileReference; lastKnownFileType = sourcecode.swift; path = CheckoutAppUITestsLaunchTests.swift; sourceTree = "<group>"; };
		DE392A662AE5913A009055D9 /* Info.plist */ = {isa = PBXFileReference; lastKnownFileType = text.plist; path = Info.plist; sourceTree = "<group>"; };
/* End PBXFileReference section */

/* Begin PBXFrameworksBuildPhase section */
		DE392A342AE58A11009055D9 /* Frameworks */ = {
			isa = PBXFrameworksBuildPhase;
			buildActionMask = 2147483647;
			files = (
			);
			runOnlyForDeploymentPostprocessing = 0;
		};
		DE392A442AE58A13009055D9 /* Frameworks */ = {
			isa = PBXFrameworksBuildPhase;
			buildActionMask = 2147483647;
			files = (
			);
			runOnlyForDeploymentPostprocessing = 0;
		};
		DE392A4E2AE58A13009055D9 /* Frameworks */ = {
			isa = PBXFrameworksBuildPhase;
			buildActionMask = 2147483647;
			files = (
			);
			runOnlyForDeploymentPostprocessing = 0;
		};
/* End PBXFrameworksBuildPhase section */

/* Begin PBXGroup section */
		DE392A2E2AE58A11009055D9 = {
			isa = PBXGroup;
			children = (
				DE392A392AE58A11009055D9 /* CheckoutApp */,
				DE392A4A2AE58A13009055D9 /* CheckoutAppTests */,
				DE392A542AE58A13009055D9 /* CheckoutAppUITests */,
				DE392A382AE58A11009055D9 /* Products */,
			);
			sourceTree = "<group>";
		};
		DE392A382AE58A11009055D9 /* Products */ = {
			isa = PBXGroup;
			children = (
				DE392A372AE58A11009055D9 /* CheckoutApp.app */,
				DE392A472AE58A13009055D9 /* CheckoutAppTests.xctest */,
				DE392A512AE58A13009055D9 /* CheckoutAppUITests.xctest */,
			);
			name = Products;
			sourceTree = "<group>";
		};
		DE392A392AE58A11009055D9 /* CheckoutApp */ = {
			isa = PBXGroup;
			children = (
				DE392A662AE5913A009055D9 /* Info.plist */,
				DE392A3A2AE58A11009055D9 /* CheckoutAppApp.swift */,
				DE392A3C2AE58A11009055D9 /* ContentView.swift */,
				DE392A3E2AE58A12009055D9 /* Assets.xcassets */,
				DE392A402AE58A12009055D9 /* Preview Content */,
			);
			path = CheckoutApp;
			sourceTree = "<group>";
		};
		DE392A402AE58A12009055D9 /* Preview Content */ = {
			isa = PBXGroup;
			children = (
				DE392A412AE58A12009055D9 /* Preview Assets.xcassets */,
			);
			path = "Preview Content";
			sourceTree = "<group>";
		};
		DE392A4A2AE58A13009055D9 /* CheckoutAppTests */ = {
			isa = PBXGroup;
			children = (
				DE392A4B2AE58A13009055D9 /* CheckoutAppTests.swift */,
			);
			path = CheckoutAppTests;
			sourceTree = "<group>";
		};
		DE392A542AE58A13009055D9 /* CheckoutAppUITests */ = {
			isa = PBXGroup;
			children = (
				DE392A552AE58A13009055D9 /* CheckoutAppUITests.swift */,
				DE392A572AE58A13009055D9 /* CheckoutAppUITestsLaunchTests.swift */,
			);
			path = CheckoutAppUITests;
			sourceTree = "<group>";
		};
/* End PBXGroup section */

/* Begin PBXNativeTarget section */
		DE392A362AE58A11009055D9 /* CheckoutApp */ = {
			isa = PBXNativeTarget;
			buildConfigurationList = DE392A5B2AE58A13009055D9 /* Build configuration list for PBXNativeTarget "CheckoutApp" */;
			buildPhases = (
				DE392A332AE58A11009055D9 /* Sources */,
				DE392A342AE58A11009055D9 /* Frameworks */,
				DE392A352AE58A11009055D9 /* Resources */,
			);
			buildRules = (
			);
			dependencies = (
			);
			name = CheckoutApp;
			productName = CheckoutApp;
			productReference = DE392A372AE58A11009055D9 /* CheckoutApp.app */;
			productType = "com.apple.product-type.application";
		};
		DE392A462AE58A13009055D9 /* CheckoutAppTests */ = {
			isa = PBXNativeTarget;
			buildConfigurationList = DE392A5E2AE58A13009055D9 /* Build configuration list for PBXNativeTarget "CheckoutAppTests" */;
			buildPhases = (
				DE392A432AE58A13009055D9 /* Sources */,
				DE392A442AE58A13009055D9 /* Frameworks */,
				DE392A452AE58A13009055D9 /* Resources */,
			);
			buildRules = (
			);
			dependencies = (
				DE392A492AE58A13009055D9 /* PBXTargetDependency */,
			);
			name = CheckoutAppTests;
			productName = CheckoutAppTests;
			productReference = DE392A472AE58A13009055D9 /* CheckoutAppTests.xctest */;
			productType = "com.apple.product-type.bundle.unit-test";
		};
		DE392A502AE58A13009055D9 /* CheckoutAppUITests */ = {
			isa = PBXNativeTarget;
			buildConfigurationList = DE392A612AE58A13009055D9 /* Build configuration list for PBXNativeTarget "CheckoutAppUITests" */;
			buildPhases = (
				DE392A4D2AE58A13009055D9 /* Sources */,
				DE392A4E2AE58A13009055D9 /* Frameworks */,
				DE392A4F2AE58A13009055D9 /* Resources */,
			);
			buildRules = (
			);
			dependencies = (
				DE392A532AE58A13009055D9 /* PBXTargetDependency */,
			);
			name = CheckoutAppUITests;
			productName = CheckoutAppUITests;
			productReference = DE392A512AE58A13009055D9 /* CheckoutAppUITests.xctest */;
			productType = "com.apple.product-type.bundle.ui-testing";
		};
/* End PBXNativeTarget section */

/* Begin PBXProject section */
		DE392A2F2AE58A11009055D9 /* Project object */ = {
			isa = PBXProject;
			attributes = {
				BuildIndependentTargetsInParallel = 1;
				LastSwiftUpdateCheck = 1430;
				LastUpgradeCheck = 1430;
				TargetAttributes = {
					DE392A362AE58A11009055D9 = {
						CreatedOnToolsVersion = 14.3.1;
					};
					DE392A462AE58A13009055D9 = {
						CreatedOnToolsVersion = 14.3.1;
						TestTargetID = DE392A362AE58A11009055D9;
					};
					DE392A502AE58A13009055D9 = {
						CreatedOnToolsVersion = 14.3.1;
						TestTargetID = DE392A362AE58A11009055D9;
					};
				};
			};
			buildConfigurationList = DE392A322AE58A11009055D9 /* Build configuration list for PBXProject "CheckoutApp" */;
			compatibilityVersion = "Xcode 14.0";
			developmentRegion = en;
			hasScannedForEncodings = 0;
			knownRegions = (
				en,
				Base,
			);
			mainGroup = DE392A2E2AE58A11009055D9;
			productRefGroup = DE392A382AE58A11009055D9 /* Products */;
			projectDirPath = "";
			projectRoot = "";
			targets = (
				DE392A362AE58A11009055D9 /* CheckoutApp */,
				DE392A462AE58A13009055D9 /* CheckoutAppTests */,
				DE392A502AE58A13009055D9 /* CheckoutAppUITests */,
			);
		};
/* End PBXProject section */

/* Begin PBXResourcesBuildPhase section */
		DE392A352AE58A11009055D9 /* Resources */ = {
			isa = PBXResourcesBuildPhase;
			buildActionMask = 2147483647;
			files = (
				DE392A422AE58A12009055D9 /* Preview Assets.xcassets in Resources */,
				DE392A3F2AE58A12009055D9 /* Assets.xcassets in Resources */,
			);
			runOnlyForDeploymentPostprocessing = 0;
		};
		DE392A452AE58A13009055D9 /* Resources */ = {
			isa = PBXResourcesBuildPhase;
			buildActionMask = 2147483647;
			files = (
			);
			runOnlyForDeploymentPostprocessing = 0;
		};
		DE392A4F2AE58A13009055D9 /* Resources */ = {
			isa = PBXResourcesBuildPhase;
			buildActionMask = 2147483647;
			files = (
			);
			runOnlyForDeploymentPostprocessing = 0;
		};
/* End PBXResourcesBuildPhase section */

/* Begin PBXSourcesBuildPhase section */
		DE392A332AE58A11009055D9 /* Sources */ = {
			isa = PBXSourcesBuildPhase;
			buildActionMask = 2147483647;
			files = (
				DE392A3D2AE58A11009055D9 /* ContentView.swift in Sources */,
				DE392A3B2AE58A11009055D9 /* CheckoutAppApp.swift in Sources */,
			);
			runOnlyForDeploymentPostprocessing = 0;
		};
		DE392A432AE58A13009055D9 /* Sources */ = {
			isa = PBXSourcesBuildPhase;
			buildActionMask = 2147483647;
			files = (
				DE392A4C2AE58A13009055D9 /* CheckoutAppTests.swift in Sources */,
			);
			runOnlyForDeploymentPostprocessing = 0;
		};
		DE392A4D2AE58A13009055D9 /* Sources */ = {
			isa = PBXSourcesBuildPhase;
			buildActionMask = 2147483647;
			files = (
				DE392A582AE58A13009055D9 /* CheckoutAppUITestsLaunchTests.swift in Sources */,
				DE392A562AE58A13009055D9 /* CheckoutAppUITests.swift in Sources */,
			);
			runOnlyForDeploymentPostprocessing = 0;
		};
/* End PBXSourcesBuildPhase section */

/* Begin PBXTargetDependency section */
		DE392A492AE58A13009055D9 /* PBXTargetDependency */ = {
			isa = PBXTargetDependency;
			target = DE392A362AE58A11009055D9 /* CheckoutApp */;
			targetProxy = DE392A482AE58A13009055D9 /* PBXContainerItemProxy */;
		};
		DE392A532AE58A13009055D9 /* PBXTargetDependency */ = {
			isa = PBXTargetDependency;
			target = DE392A362AE58A11009055D9 /* CheckoutApp */;
			targetProxy = DE392A522AE58A13009055D9 /* PBXContainerItemProxy */;
		};
/* End PBXTargetDependency section */

/* Begin XCBuildConfiguration section */
		DE392A592AE58A13009055D9 /* Debug */ = {
			isa = XCBuildConfiguration;
			buildSettings = {
				ALWAYS_SEARCH_USER_PATHS = NO;
				CLANG_ANALYZER_NONNULL = YES;
				CLANG_ANALYZER_NUMBER_OBJECT_CONVERSION = YES_AGGRESSIVE;
				CLANG_CXX_LANGUAGE_STANDARD = "gnu++20";
				CLANG_ENABLE_MODULES = YES;
				CLANG_ENABLE_OBJC_ARC = YES;
				CLANG_ENABLE_OBJC_WEAK = YES;
				CLANG_WARN_BLOCK_CAPTURE_AUTORELEASING = YES;
				CLANG_WARN_BOOL_CONVERSION = YES;
				CLANG_WARN_COMMA = YES;
				CLANG_WARN_CONSTANT_CONVERSION = YES;
				CLANG_WARN_DEPRECATED_OBJC_IMPLEMENTATIONS = YES;
				CLANG_WARN_DIRECT_OBJC_ISA_USAGE = YES_ERROR;
				CLANG_WARN_DOCUMENTATION_COMMENTS = YES;
				CLANG_WARN_EMPTY_BODY = YES;
				CLANG_WARN_ENUM_CONVERSION = YES;
				CLANG_WARN_INFINITE_RECURSION = YES;
				CLANG_WARN_INT_CONVERSION = YES;
				CLANG_WARN_NON_LITERAL_NULL_CONVERSION = YES;
				CLANG_WARN_OBJC_IMPLICIT_RETAIN_SELF = YES;
				CLANG_WARN_OBJC_LITERAL_CONVERSION = YES;
				CLANG_WARN_OBJC_ROOT_CLASS = YES_ERROR;
				CLANG_WARN_QUOTED_INCLUDE_IN_FRAMEWORK_HEADER = YES;
				CLANG_WARN_RANGE_LOOP_ANALYSIS = YES;
				CLANG_WARN_STRICT_PROTOTYPES = YES;
				CLANG_WARN_SUSPICIOUS_MOVE = YES;
				CLANG_WARN_UNGUARDED_AVAILABILITY = YES_AGGRESSIVE;
				CLANG_WARN_UNREACHABLE_CODE = YES;
				CLANG_WARN__DUPLICATE_METHOD_MATCH = YES;
				COPY_PHASE_STRIP = NO;
				DEBUG_INFORMATION_FORMAT = dwarf;
				ENABLE_STRICT_OBJC_MSGSEND = YES;
				ENABLE_TESTABILITY = YES;
				GCC_C_LANGUAGE_STANDARD = gnu11;
				GCC_DYNAMIC_NO_PIC = NO;
				GCC_NO_COMMON_BLOCKS = YES;
				GCC_OPTIMIZATION_LEVEL = 0;
				GCC_PREPROCESSOR_DEFINITIONS = (
					"DEBUG=1",
					"$(inherited)",
				);
				GCC_WARN_64_TO_32_BIT_CONVERSION = YES;
				GCC_WARN_ABOUT_RETURN_TYPE = YES_ERROR;
				GCC_WARN_UNDECLARED_SELECTOR = YES;
				GCC_WARN_UNINITIALIZED_AUTOS = YES_AGGRESSIVE;
				GCC_WARN_UNUSED_FUNCTION = YES;
				GCC_WARN_UNUSED_VARIABLE = YES;
				IPHONEOS_DEPLOYMENT_TARGET = 16.4;
				MTL_ENABLE_DEBUG_INFO = INCLUDE_SOURCE;
				MTL_FAST_MATH = YES;
				ONLY_ACTIVE_ARCH = YES;
				SDKROOT = iphoneos;
				SWIFT_ACTIVE_COMPILATION_CONDITIONS = DEBUG;
				SWIFT_OPTIMIZATION_LEVEL = "-Onone";
			};
			name = Debug;
		};
		DE392A5A2AE58A13009055D9 /* Release */ = {
			isa = XCBuildConfiguration;
			buildSettings = {
				ALWAYS_SEARCH_USER_PATHS = NO;
				CLANG_ANALYZER_NONNULL = YES;
				CLANG_ANALYZER_NUMBER_OBJECT_CONVERSION = YES_AGGRESSIVE;
				CLANG_CXX_LANGUAGE_STANDARD = "gnu++20";
				CLANG_ENABLE_MODULES = YES;
				CLANG_ENABLE_OBJC_ARC = YES;
				CLANG_ENABLE_OBJC_WEAK = YES;
				CLANG_WARN_BLOCK_CAPTURE_AUTORELEASING = YES;
				CLANG_WARN_BOOL_CONVERSION = YES;
				CLANG_WARN_COMMA = YES;
				CLANG_WARN_CONSTANT_CONVERSION = YES;
				CLANG_WARN_DEPRECATED_OBJC_IMPLEMENTATIONS = YES;
				CLANG_WARN_DIRECT_OBJC_ISA_USAGE = YES_ERROR;
				CLANG_WARN_DOCUMENTATION_COMMENTS = YES;
				CLANG_WARN_EMPTY_BODY = YES;
				CLANG_WARN_ENUM_CONVERSION = YES;
				CLANG_WARN_INFINITE_RECURSION = YES;
				CLANG_WARN_INT_CONVERSION = YES;
				CLANG_WARN_NON_LITERAL_NULL_CONVERSION = YES;
				CLANG_WARN_OBJC_IMPLICIT_RETAIN_SELF = YES;
				CLANG_WARN_OBJC_LITERAL_CONVERSION = YES;
				CLANG_WARN_OBJC_ROOT_CLASS = YES_ERROR;
				CLANG_WARN_QUOTED_INCLUDE_IN_FRAMEWORK_HEADER = YES;
				CLANG_WARN_RANGE_LOOP_ANALYSIS = YES;
				CLANG_WARN_STRICT_PROTOTYPES = YES;
				CLANG_WARN_SUSPICIOUS_MOVE = YES;
				CLANG_WARN_UNGUARDED_AVAILABILITY = YES_AGGRESSIVE;
				CLANG_WARN_UNREACHABLE_CODE = YES;
				CLANG_WARN__DUPLICATE_METHOD_MATCH = YES;
				COPY_PHASE_STRIP = NO;
				DEBUG_INFORMATION_FORMAT = "dwarf-with-dsym";
				ENABLE_NS_ASSERTIONS = NO;
				ENABLE_STRICT_OBJC_MSGSEND = YES;
				GCC_C_LANGUAGE_STANDARD = gnu11;
				GCC_NO_COMMON_BLOCKS = YES;
				GCC_WARN_64_TO_32_BIT_CONVERSION = YES;
				GCC_WARN_ABOUT_RETURN_TYPE = YES_ERROR;
				GCC_WARN_UNDECLARED_SELECTOR = YES;
				GCC_WARN_UNINITIALIZED_AUTOS = YES_AGGRESSIVE;
				GCC_WARN_UNUSED_FUNCTION = YES;
				GCC_WARN_UNUSED_VARIABLE = YES;
				IPHONEOS_DEPLOYMENT_TARGET = 16.4;
				MTL_ENABLE_DEBUG_INFO = NO;
				MTL_FAST_MATH = YES;
				SDKROOT = iphoneos;
				SWIFT_COMPILATION_MODE = wholemodule;
				SWIFT_OPTIMIZATION_LEVEL = "-O";
				VALIDATE_PRODUCT = YES;
			};
			name = Release;
		};
		DE392A5C2AE58A13009055D9 /* Debug */ = {
			isa = XCBuildConfiguration;
			buildSettings = {
				ASSETCATALOG_COMPILER_APPICON_NAME = AppIcon;
				ASSETCATALOG_COMPILER_GLOBAL_ACCENT_COLOR_NAME = AccentColor;
				CODE_SIGN_STYLE = Automatic;
				CURRENT_PROJECT_VERSION = 1;
				DEVELOPMENT_ASSET_PATHS = "\"CheckoutApp/Preview Content\"";
				DEVELOPMENT_TEAM = B9YB6ZRYAT;
				ENABLE_PREVIEWS = YES;
				GENERATE_INFOPLIST_FILE = YES;
				INFOPLIST_FILE = CheckoutApp/Info.plist;
				INFOPLIST_KEY_UIApplicationSceneManifest_Generation = YES;
				INFOPLIST_KEY_UIApplicationSupportsIndirectInputEvents = YES;
				INFOPLIST_KEY_UISupportedInterfaceOrientations_iPad = "UIInterfaceOrientationPortrait UIInterfaceOrientationPortraitUpsideDown UIInterfaceOrientationLandscapeLeft UIInterfaceOrientationLandscapeRight";
				INFOPLIST_KEY_UISupportedInterfaceOrientations_iPhone = "UIInterfaceOrientationPortrait UIInterfaceOrientationLandscapeLeft UIInterfaceOrientationLandscapeRight";
				LD_RUNPATH_SEARCH_PATHS = (
					"$(inherited)",
					"@executable_path/Frameworks",
				);
				MARKETING_VERSION = 1.0;
				PRODUCT_BUNDLE_IDENTIFIER = CheckoutApp;
				PRODUCT_NAME = "$(TARGET_NAME)";
				SWIFT_EMIT_LOC_STRINGS = YES;
				SWIFT_VERSION = 5.0;
				TARGETED_DEVICE_FAMILY = "1,2";
			};
			name = Debug;
		};
		DE392A5D2AE58A13009055D9 /* Release */ = {
			isa = XCBuildConfiguration;
			buildSettings = {
				ASSETCATALOG_COMPILER_APPICON_NAME = AppIcon;
				ASSETCATALOG_COMPILER_GLOBAL_ACCENT_COLOR_NAME = AccentColor;
				CODE_SIGN_STYLE = Automatic;
				CURRENT_PROJECT_VERSION = 1;
				DEVELOPMENT_ASSET_PATHS = "\"CheckoutApp/Preview Content\"";
				DEVELOPMENT_TEAM = B9YB6ZRYAT;
				ENABLE_PREVIEWS = YES;
				GENERATE_INFOPLIST_FILE = YES;
				INFOPLIST_FILE = CheckoutApp/Info.plist;
				INFOPLIST_KEY_UIApplicationSceneManifest_Generation = YES;
				INFOPLIST_KEY_UIApplicationSupportsIndirectInputEvents = YES;
				INFOPLIST_KEY_UISupportedInterfaceOrientations_iPad = "UIInterfaceOrientationPortrait UIInterfaceOrientationPortraitUpsideDown UIInterfaceOrientationLandscapeLeft UIInterfaceOrientationLandscapeRight";
				INFOPLIST_KEY_UISupportedInterfaceOrientations_iPhone = "UIInterfaceOrientationPortrait UIInterfaceOrientationLandscapeLeft UIInterfaceOrientationLandscapeRight";
				LD_RUNPATH_SEARCH_PATHS = (
					"$(inherited)",
					"@executable_path/Frameworks",
				);
				MARKETING_VERSION = 1.0;
				PRODUCT_BUNDLE_IDENTIFIER = CheckoutApp;
				PRODUCT_NAME = "$(TARGET_NAME)";
				SWIFT_EMIT_LOC_STRINGS = YES;
				SWIFT_VERSION = 5.0;
				TARGETED_DEVICE_FAMILY = "1,2";
			};
			name = Release;
		};
		DE392A5F2AE58A13009055D9 /* Debug */ = {
			isa = XCBuildConfiguration;
			buildSettings = {
				ALWAYS_EMBED_SWIFT_STANDARD_LIBRARIES = YES;
				BUNDLE_LOADER = "$(TEST_HOST)";
				CODE_SIGN_STYLE = Automatic;
				CURRENT_PROJECT_VERSION = 1;
				GENERATE_INFOPLIST_FILE = YES;
				IPHONEOS_DEPLOYMENT_TARGET = 16.4;
				MARKETING_VERSION = 1.0;
				PRODUCT_BUNDLE_IDENTIFIER = edu.auburn.onlinecsse.CheckoutAppTests;
				PRODUCT_NAME = "$(TARGET_NAME)";
				SWIFT_EMIT_LOC_STRINGS = NO;
				SWIFT_VERSION = 5.0;
				TARGETED_DEVICE_FAMILY = "1,2";
				TEST_HOST = "$(BUILT_PRODUCTS_DIR)/CheckoutApp.app/$(BUNDLE_EXECUTABLE_FOLDER_PATH)/CheckoutApp";
			};
			name = Debug;
		};
		DE392A602AE58A13009055D9 /* Release */ = {
			isa = XCBuildConfiguration;
			buildSettings = {
				ALWAYS_EMBED_SWIFT_STANDARD_LIBRARIES = YES;
				BUNDLE_LOADER = "$(TEST_HOST)";
				CODE_SIGN_STYLE = Automatic;
				CURRENT_PROJECT_VERSION = 1;
				GENERATE_INFOPLIST_FILE = YES;
				IPHONEOS_DEPLOYMENT_TARGET = 16.4;
				MARKETING_VERSION = 1.0;
				PRODUCT_BUNDLE_IDENTIFIER = edu.auburn.onlinecsse.CheckoutAppTests;
				PRODUCT_NAME = "$(TARGET_NAME)";
				SWIFT_EMIT_LOC_STRINGS = NO;
				SWIFT_VERSION = 5.0;
				TARGETED_DEVICE_FAMILY = "1,2";
				TEST_HOST = "$(BUILT_PRODUCTS_DIR)/CheckoutApp.app/$(BUNDLE_EXECUTABLE_FOLDER_PATH)/CheckoutApp";
			};
			name = Release;
		};
		DE392A622AE58A13009055D9 /* Debug */ = {
			isa = XCBuildConfiguration;
			buildSettings = {
				ALWAYS_EMBED_SWIFT_STANDARD_LIBRARIES = YES;
				CODE_SIGN_STYLE = Automatic;
				CURRENT_PROJECT_VERSION = 1;
				GENERATE_INFOPLIST_FILE = YES;
				MARKETING_VERSION = 1.0;
				PRODUCT_BUNDLE_IDENTIFIER = edu.auburn.onlinecsse.CheckoutAppUITests;
				PRODUCT_NAME = "$(TARGET_NAME)";
				SWIFT_EMIT_LOC_STRINGS = NO;
				SWIFT_VERSION = 5.0;
				TARGETED_DEVICE_FAMILY = "1,2";
				TEST_TARGET_NAME = CheckoutApp;
			};
			name = Debug;
		};
		DE392A632AE58A13009055D9 /* Release */ = {
			isa = XCBuildConfiguration;
			buildSettings = {
				ALWAYS_EMBED_SWIFT_STANDARD_LIBRARIES = YES;
				CODE_SIGN_STYLE = Automatic;
				CURRENT_PROJECT_VERSION = 1;
				GENERATE_INFOPLIST_FILE = YES;
				MARKETING_VERSION = 1.0;
				PRODUCT_BUNDLE_IDENTIFIER = edu.auburn.onlinecsse.CheckoutAppUITests;
				PRODUCT_NAME = "$(TARGET_NAME)";
				SWIFT_EMIT_LOC_STRINGS = NO;
				SWIFT_VERSION = 5.0;
				TARGETED_DEVICE_FAMILY = "1,2";
				TEST_TARGET_NAME = CheckoutApp;
			};
			name = Release;
		};
/* End XCBuildConfiguration section */

/* Begin XCConfigurationList section */
		DE392A322AE58A11009055D9 /* Build configuration list for PBXProject "CheckoutApp" */ = {
			isa = XCConfigurationList;
			buildConfigurations = (
				DE392A592AE58A13009055D9 /* Debug */,
				DE392A5A2AE58A13009055D9 /* Release */,
			);
			defaultConfigurationIsVisible = 0;
			defaultConfigurationName = Release;
		};
		DE392A5B2AE58A13009055D9 /* Build configuration list for PBXNativeTarget "CheckoutApp" */ = {
			isa = XCConfigurationList;
			buildConfigurations = (
				DE392A5C2AE58A13009055D9 /* Debug */,
				DE392A5D2AE58A13009055D9 /* Release */,
			);
			defaultConfigurationIsVisible = 0;
			defaultConfigurationName = Release;
		};
		DE392A5E2AE58A13009055D9 /* Build configuration list for PBXNativeTarget "CheckoutAppTests" */ = {
			isa = XCConfigurationList;
			buildConfigurations = (
				DE392A5F2AE58A13009055D9 /* Debug */,
				DE392A602AE58A13009055D9 /* Release */,
			);
			defaultConfigurationIsVisible = 0;
			defaultConfigurationName = Release;
		};
		DE392A612AE58A13009055D9 /* Build configuration list for PBXNativeTarget "CheckoutAppUITests" */ = {
			isa = XCConfigurationList;
			buildConfigurations = (
				DE392A622AE58A13009055D9 /* Debug */,
				DE392A632AE58A13009055D9 /* Release */,
			);
			defaultConfigurationIsVisible = 0;
			defaultConfigurationName = Release;
		};
/* End XCConfigurationList section */
	};
	rootObject = DE392A2F2AE58A11009055D9 /* Project object */;
}
